// !$*UTF8*$!
{
	archiveVersion = 1;
	classes = {
	};
	objectVersion = 50;
	objects = {

/* Begin PBXBuildFile section */
		7E044C6126FF881D00B2B058 /* LandmarksApp.swift in Sources */ = {isa = PBXBuildFile; fileRef = 7E044C6026FF881D00B2B058 /* LandmarksApp.swift */; };
		7E044C6326FF881D00B2B058 /* ContentView.swift in Sources */ = {isa = PBXBuildFile; fileRef = 7E044C6226FF881D00B2B058 /* ContentView.swift */; };
		7E044C6526FF881F00B2B058 /* Assets.xcassets in Resources */ = {isa = PBXBuildFile; fileRef = 7E044C6426FF881F00B2B058 /* Assets.xcassets */; };
		7E044C6826FF881F00B2B058 /* Preview Assets.xcassets in Resources */ = {isa = PBXBuildFile; fileRef = 7E044C6726FF881F00B2B058 /* Preview Assets.xcassets */; };
		7E1C519827071FA7009C65D3 /* CircleImage.swift in Sources */ = {isa = PBXBuildFile; fileRef = 7E1C519727071FA7009C65D3 /* CircleImage.swift */; };
		7E1C519A27072289009C65D3 /* MapView.swift in Sources */ = {isa = PBXBuildFile; fileRef = 7E1C519927072289009C65D3 /* MapView.swift */; };
		7E1C519E270A2475009C65D3 /* Landmark.swift in Sources */ = {isa = PBXBuildFile; fileRef = 7E1C519D270A2475009C65D3 /* Landmark.swift */; };
		7E1C51A0270A2796009C65D3 /* ModelData.swift in Sources */ = {isa = PBXBuildFile; fileRef = 7E1C519F270A2796009C65D3 /* ModelData.swift */; };
		7E2C48FD272176D000331B14 /* HexagonParameters.swift in Sources */ = {isa = PBXBuildFile; fileRef = 7E2C48FC272176D000331B14 /* HexagonParameters.swift */; };
		7E2C48FF2721A0E300331B14 /* BadgeBackground.swift in Sources */ = {isa = PBXBuildFile; fileRef = 7E2C48FE2721A0E300331B14 /* BadgeBackground.swift */; };
		7E2C49012721D9D100331B14 /* AppIcon.appiconset in Resources */ = {isa = PBXBuildFile; fileRef = 7E2C49002721D9D100331B14 /* AppIcon.appiconset */; };
		7E6BFFD8278AD29700FD584F /* ProfileEditor.swift in Sources */ = {isa = PBXBuildFile; fileRef = 7E6BFFD7278AD29700FD584F /* ProfileEditor.swift */; };
		7E6BFFDA278DCB3C00FD584F /* PageViewController.swift in Sources */ = {isa = PBXBuildFile; fileRef = 7E6BFFD9278DCB3C00FD584F /* PageViewController.swift */; };
		7E6BFFDC278DCE7300FD584F /* Feature.swift in Sources */ = {isa = PBXBuildFile; fileRef = 7E6BFFDB278DCE7300FD584F /* Feature.swift */; };
		7E6BFFDE2790867800FD584F /* PageView.swift in Sources */ = {isa = PBXBuildFile; fileRef = 7E6BFFDD2790867800FD584F /* PageView.swift */; };
		7E6BFFE02790B79F00FD584F /* PageControl.swift in Sources */ = {isa = PBXBuildFile; fileRef = 7E6BFFDF2790B79F00FD584F /* PageControl.swift */; };
		7E6E25962722F1540045914B /* BadgeSymbol.swift in Sources */ = {isa = PBXBuildFile; fileRef = 7E6E25952722F1530045914B /* BadgeSymbol.swift */; };
		7E6E25982722F33E0045914B /* RotatedBadgeSymbol.swift in Sources */ = {isa = PBXBuildFile; fileRef = 7E6E25972722F33E0045914B /* RotatedBadgeSymbol.swift */; };
		7E6E259A2722F4630045914B /* Badge.swift in Sources */ = {isa = PBXBuildFile; fileRef = 7E6E25992722F4630045914B /* Badge.swift */; };
		7E6E259D272303B00045914B /* landmarkData.json in Resources */ = {isa = PBXBuildFile; fileRef = 7E6E259C272303B00045914B /* landmarkData.json */; };
		7E6E259F272303F80045914B /* hikeData.json in Resources */ = {isa = PBXBuildFile; fileRef = 7E6E259E272303F80045914B /* hikeData.json */; };
		7E6E25A12723042E0045914B /* Hike.swift in Sources */ = {isa = PBXBuildFile; fileRef = 7E6E25A02723042E0045914B /* Hike.swift */; };
		7E6E25A7272330740045914B /* GraphCapsule.swift in Sources */ = {isa = PBXBuildFile; fileRef = 7E6E25A3272330740045914B /* GraphCapsule.swift */; };
		7E6E25A8272330740045914B /* HikeGraph.swift in Sources */ = {isa = PBXBuildFile; fileRef = 7E6E25A4272330740045914B /* HikeGraph.swift */; };
		7E6E25A9272330740045914B /* HikeDetail.swift in Sources */ = {isa = PBXBuildFile; fileRef = 7E6E25A5272330740045914B /* HikeDetail.swift */; };
		7E6E25AA272330740045914B /* HikeView.swift in Sources */ = {isa = PBXBuildFile; fileRef = 7E6E25A6272330740045914B /* HikeView.swift */; };
		7E6E25AD2725D1D70045914B /* CategoryHome.swift in Sources */ = {isa = PBXBuildFile; fileRef = 7E6E25AC2725D1D70045914B /* CategoryHome.swift */; };
		7E6E25AF2725D4900045914B /* CategoryRow.swift in Sources */ = {isa = PBXBuildFile; fileRef = 7E6E25AE2725D48F0045914B /* CategoryRow.swift */; };
		7E6E25B12725D6880045914B /* CategoryItem.swift in Sources */ = {isa = PBXBuildFile; fileRef = 7E6E25B02725D6880045914B /* CategoryItem.swift */; };
		7E75A8182711C5F900CC8BEB /* LandmarkDetail.swift in Sources */ = {isa = PBXBuildFile; fileRef = 7E75A8172711C5F900CC8BEB /* LandmarkDetail.swift */; };
		7E75A81A2718A0BB00CC8BEB /* FavoriteButton.swift in Sources */ = {isa = PBXBuildFile; fileRef = 7E75A8192718A0BB00CC8BEB /* FavoriteButton.swift */; };
		7E9B0150270DFD51004EDDD2 /* LandmarkRow.swift in Sources */ = {isa = PBXBuildFile; fileRef = 7E9B014F270DFD51004EDDD2 /* LandmarkRow.swift */; };
		7E9B0152270E175D004EDDD2 /* LandmarkList.swift in Sources */ = {isa = PBXBuildFile; fileRef = 7E9B0151270E175D004EDDD2 /* LandmarkList.swift */; };
		7EC0E2A4272C3033003EE2E3 /* Profile.swift in Sources */ = {isa = PBXBuildFile; fileRef = 7EC0E2A3272C3033003EE2E3 /* Profile.swift */; };
		7EC0E2A72733CC05003EE2E3 /* ProfileHost.swift in Sources */ = {isa = PBXBuildFile; fileRef = 7EC0E2A62733CC05003EE2E3 /* ProfileHost.swift */; };
		7EC0E2A92733D186003EE2E3 /* ProfileSummary.swift in Sources */ = {isa = PBXBuildFile; fileRef = 7EC0E2A82733D186003EE2E3 /* ProfileSummary.swift */; };
		7EC0E2AB2733D3D4003EE2E3 /* HikeBadge.swift in Sources */ = {isa = PBXBuildFile; fileRef = 7EC0E2AA2733D3D4003EE2E3 /* HikeBadge.swift */; };
/* End PBXBuildFile section */

/* Begin PBXFileReference section */
		7E044C5D26FF881D00B2B058 /* Landmarks.app */ = {isa = PBXFileReference; explicitFileType = wrapper.application; includeInIndex = 0; path = Landmarks.app; sourceTree = BUILT_PRODUCTS_DIR; };
		7E044C6026FF881D00B2B058 /* LandmarksApp.swift */ = {isa = PBXFileReference; lastKnownFileType = sourcecode.swift; path = LandmarksApp.swift; sourceTree = "<group>"; };
		7E044C6226FF881D00B2B058 /* ContentView.swift */ = {isa = PBXFileReference; lastKnownFileType = sourcecode.swift; path = ContentView.swift; sourceTree = "<group>"; };
		7E044C6426FF881F00B2B058 /* Assets.xcassets */ = {isa = PBXFileReference; lastKnownFileType = folder.assetcatalog; path = Assets.xcassets; sourceTree = "<group>"; };
		7E044C6726FF881F00B2B058 /* Preview Assets.xcassets */ = {isa = PBXFileReference; lastKnownFileType = folder.assetcatalog; path = "Preview Assets.xcassets"; sourceTree = "<group>"; };
		7E044C6926FF881F00B2B058 /* Info.plist */ = {isa = PBXFileReference; lastKnownFileType = text.plist.xml; path = Info.plist; sourceTree = "<group>"; };
		7E1C519727071FA7009C65D3 /* CircleImage.swift */ = {isa = PBXFileReference; lastKnownFileType = sourcecode.swift; path = CircleImage.swift; sourceTree = "<group>"; };
		7E1C519927072289009C65D3 /* MapView.swift */ = {isa = PBXFileReference; lastKnownFileType = sourcecode.swift; path = MapView.swift; sourceTree = "<group>"; };
		7E1C519D270A2475009C65D3 /* Landmark.swift */ = {isa = PBXFileReference; lastKnownFileType = sourcecode.swift; path = Landmark.swift; sourceTree = "<group>"; };
		7E1C519F270A2796009C65D3 /* ModelData.swift */ = {isa = PBXFileReference; lastKnownFileType = sourcecode.swift; path = ModelData.swift; sourceTree = "<group>"; };
		7E2C48FC272176D000331B14 /* HexagonParameters.swift */ = {isa = PBXFileReference; lastKnownFileType = sourcecode.swift; path = HexagonParameters.swift; sourceTree = "<group>"; };
		7E2C48FE2721A0E300331B14 /* BadgeBackground.swift */ = {isa = PBXFileReference; lastKnownFileType = sourcecode.swift; path = BadgeBackground.swift; sourceTree = "<group>"; };
		7E2C49002721D9D100331B14 /* AppIcon.appiconset */ = {isa = PBXFileReference; lastKnownFileType = folder; name = AppIcon.appiconset; path = ../../../../../Downloads/DrawingPathsAndShapes/Resources/AppIcon.appiconset; sourceTree = "<group>"; };
		7E6BFFD7278AD29700FD584F /* ProfileEditor.swift */ = {isa = PBXFileReference; lastKnownFileType = sourcecode.swift; path = ProfileEditor.swift; sourceTree = "<group>"; };
		7E6BFFD9278DCB3C00FD584F /* PageViewController.swift */ = {isa = PBXFileReference; lastKnownFileType = sourcecode.swift; path = PageViewController.swift; sourceTree = "<group>"; };
		7E6BFFDB278DCE7300FD584F /* Feature.swift */ = {isa = PBXFileReference; lastKnownFileType = sourcecode.swift; path = Feature.swift; sourceTree = "<group>"; };
		7E6BFFDD2790867800FD584F /* PageView.swift */ = {isa = PBXFileReference; lastKnownFileType = sourcecode.swift; path = PageView.swift; sourceTree = "<group>"; };
		7E6BFFDF2790B79F00FD584F /* PageControl.swift */ = {isa = PBXFileReference; lastKnownFileType = sourcecode.swift; path = PageControl.swift; sourceTree = "<group>"; };
		7E6E25952722F1530045914B /* BadgeSymbol.swift */ = {isa = PBXFileReference; lastKnownFileType = sourcecode.swift; path = BadgeSymbol.swift; sourceTree = "<group>"; };
		7E6E25972722F33E0045914B /* RotatedBadgeSymbol.swift */ = {isa = PBXFileReference; lastKnownFileType = sourcecode.swift; path = RotatedBadgeSymbol.swift; sourceTree = "<group>"; };
		7E6E25992722F4630045914B /* Badge.swift */ = {isa = PBXFileReference; lastKnownFileType = sourcecode.swift; path = Badge.swift; sourceTree = "<group>"; };
		7E6E259C272303B00045914B /* landmarkData.json */ = {isa = PBXFileReference; fileEncoding = 4; lastKnownFileType = text.json; name = landmarkData.json; path = ../../../../../Downloads/AnimatingViewsAndTransitions/StartingPoint/Landmarks/Resources/landmarkData.json; sourceTree = "<group>"; };
		7E6E259E272303F80045914B /* hikeData.json */ = {isa = PBXFileReference; fileEncoding = 4; lastKnownFileType = text.json; path = hikeData.json; sourceTree = "<group>"; };
		7E6E25A02723042E0045914B /* Hike.swift */ = {isa = PBXFileReference; lastKnownFileType = sourcecode.swift; path = Hike.swift; sourceTree = "<group>"; };
		7E6E25A3272330740045914B /* GraphCapsule.swift */ = {isa = PBXFileReference; fileEncoding = 4; lastKnownFileType = sourcecode.swift; path = GraphCapsule.swift; sourceTree = "<group>"; };
		7E6E25A4272330740045914B /* HikeGraph.swift */ = {isa = PBXFileReference; fileEncoding = 4; lastKnownFileType = sourcecode.swift; path = HikeGraph.swift; sourceTree = "<group>"; };
		7E6E25A5272330740045914B /* HikeDetail.swift */ = {isa = PBXFileReference; fileEncoding = 4; lastKnownFileType = sourcecode.swift; path = HikeDetail.swift; sourceTree = "<group>"; };
		7E6E25A6272330740045914B /* HikeView.swift */ = {isa = PBXFileReference; fileEncoding = 4; lastKnownFileType = sourcecode.swift; path = HikeView.swift; sourceTree = "<group>"; };
		7E6E25AC2725D1D70045914B /* CategoryHome.swift */ = {isa = PBXFileReference; lastKnownFileType = sourcecode.swift; path = CategoryHome.swift; sourceTree = "<group>"; };
		7E6E25AE2725D48F0045914B /* CategoryRow.swift */ = {isa = PBXFileReference; lastKnownFileType = sourcecode.swift; path = CategoryRow.swift; sourceTree = "<group>"; };
		7E6E25B02725D6880045914B /* CategoryItem.swift */ = {isa = PBXFileReference; lastKnownFileType = sourcecode.swift; path = CategoryItem.swift; sourceTree = "<group>"; };
		7E75A8172711C5F900CC8BEB /* LandmarkDetail.swift */ = {isa = PBXFileReference; lastKnownFileType = sourcecode.swift; path = LandmarkDetail.swift; sourceTree = "<group>"; };
		7E75A8192718A0BB00CC8BEB /* FavoriteButton.swift */ = {isa = PBXFileReference; lastKnownFileType = sourcecode.swift; path = FavoriteButton.swift; sourceTree = "<group>"; };
		7E9B014F270DFD51004EDDD2 /* LandmarkRow.swift */ = {isa = PBXFileReference; lastKnownFileType = sourcecode.swift; name = LandmarkRow.swift; path = Landmarks/Landmarks/LandmarkRow.swift; sourceTree = SOURCE_ROOT; };
		7E9B0151270E175D004EDDD2 /* LandmarkList.swift */ = {isa = PBXFileReference; lastKnownFileType = sourcecode.swift; path = LandmarkList.swift; sourceTree = "<group>"; };
		7EC0E2A3272C3033003EE2E3 /* Profile.swift */ = {isa = PBXFileReference; lastKnownFileType = sourcecode.swift; path = Profile.swift; sourceTree = "<group>"; };
		7EC0E2A62733CC05003EE2E3 /* ProfileHost.swift */ = {isa = PBXFileReference; lastKnownFileType = sourcecode.swift; path = ProfileHost.swift; sourceTree = "<group>"; };
		7EC0E2A82733D186003EE2E3 /* ProfileSummary.swift */ = {isa = PBXFileReference; lastKnownFileType = sourcecode.swift; path = ProfileSummary.swift; sourceTree = "<group>"; };
		7EC0E2AA2733D3D4003EE2E3 /* HikeBadge.swift */ = {isa = PBXFileReference; lastKnownFileType = sourcecode.swift; path = HikeBadge.swift; sourceTree = "<group>"; };
/* End PBXFileReference section */

/* Begin PBXFrameworksBuildPhase section */
		7E044C5A26FF881D00B2B058 /* Frameworks */ = {
			isa = PBXFrameworksBuildPhase;
			buildActionMask = 2147483647;
			files = (
			);
			runOnlyForDeploymentPostprocessing = 0;
		};
/* End PBXFrameworksBuildPhase section */

/* Begin PBXGroup section */
		7E044C5426FF881D00B2B058 = {
			isa = PBXGroup;
			children = (
				7E044C5F26FF881D00B2B058 /* Landmarks */,
				7E044C5E26FF881D00B2B058 /* Products */,
			);
			sourceTree = "<group>";
		};
		7E044C5E26FF881D00B2B058 /* Products */ = {
			isa = PBXGroup;
			children = (
				7E044C5D26FF881D00B2B058 /* Landmarks.app */,
			);
			name = Products;
			sourceTree = "<group>";
		};
		7E044C5F26FF881D00B2B058 /* Landmarks */ = {
			isa = PBXGroup;
			children = (
				7E044C6026FF881D00B2B058 /* LandmarksApp.swift */,
				7E75A81C2718A29900CC8BEB /* Landmarks */,
				7E1C51A2270A2959009C65D3 /* View */,
				7E1C51A1270A2931009C65D3 /* Model */,
				7E1C51A3270A29C2009C65D3 /* Resources */,
				7E044C6926FF881F00B2B058 /* Info.plist */,
				7E044C6426FF881F00B2B058 /* Assets.xcassets */,
				7E044C6626FF881F00B2B058 /* Preview Content */,
			);
			path = Landmarks;
			sourceTree = "<group>";
		};
		7E044C6626FF881F00B2B058 /* Preview Content */ = {
			isa = PBXGroup;
			children = (
				7E044C6726FF881F00B2B058 /* Preview Assets.xcassets */,
			);
			path = "Preview Content";
			sourceTree = "<group>";
		};
		7E1C51A1270A2931009C65D3 /* Model */ = {
			isa = PBXGroup;
			children = (
				7E6BFFDB278DCE7300FD584F /* Feature.swift */,
				7E1C519D270A2475009C65D3 /* Landmark.swift */,
				7E1C519F270A2796009C65D3 /* ModelData.swift */,
				7E6E25A02723042E0045914B /* Hike.swift */,
			);
			path = Model;
			sourceTree = "<group>";
		};
		7E1C51A2270A2959009C65D3 /* View */ = {
			isa = PBXGroup;
			children = (
				7E6BFFDD2790867800FD584F /* PageView.swift */,
				7E6BFFD9278DCB3C00FD584F /* PageViewController.swift */,
				7EC0E2A52733CBD9003EE2E3 /* Profiles */,
				7E6E25AB2725D1A70045914B /* Categories */,
				7E6E25A2272330740045914B /* Hikes */,
				7E044C6226FF881D00B2B058 /* ContentView.swift */,
				7EC0E2A3272C3033003EE2E3 /* Profile.swift */,
				7E6E259B2722F8F90045914B /* Badges */,
				7E75A81B2718A1B900CC8BEB /* Helpers */,
				7E6BFFDF2790B79F00FD584F /* PageControl.swift */,
			);
			path = View;
			sourceTree = "<group>";
		};
		7E1C51A3270A29C2009C65D3 /* Resources */ = {
			isa = PBXGroup;
			children = (
				7E2C49002721D9D100331B14 /* AppIcon.appiconset */,
				7E6E259E272303F80045914B /* hikeData.json */,
				7E6E259C272303B00045914B /* landmarkData.json */,
			);
			path = Resources;
			sourceTree = "<group>";
		};
		7E6E259B2722F8F90045914B /* Badges */ = {
			isa = PBXGroup;
			children = (
				7E2C48FE2721A0E300331B14 /* BadgeBackground.swift */,
				7E2C48FC272176D000331B14 /* HexagonParameters.swift */,
				7E6E25952722F1530045914B /* BadgeSymbol.swift */,
				7E6E25972722F33E0045914B /* RotatedBadgeSymbol.swift */,
				7E6E25992722F4630045914B /* Badge.swift */,
				7EC0E2AA2733D3D4003EE2E3 /* HikeBadge.swift */,
			);
			path = Badges;
			sourceTree = "<group>";
		};
		7E6E25A2272330740045914B /* Hikes */ = {
			isa = PBXGroup;
			children = (
				7E6E25A3272330740045914B /* GraphCapsule.swift */,
				7E6E25A4272330740045914B /* HikeGraph.swift */,
				7E6E25A5272330740045914B /* HikeDetail.swift */,
				7E6E25A6272330740045914B /* HikeView.swift */,
			);
			path = Hikes;
			sourceTree = "<group>";
		};
		7E6E25AB2725D1A70045914B /* Categories */ = {
			isa = PBXGroup;
			children = (
				7E6E25AC2725D1D70045914B /* CategoryHome.swift */,
				7E6E25AE2725D48F0045914B /* CategoryRow.swift */,
				7E6E25B02725D6880045914B /* CategoryItem.swift */,
			);
			path = Categories;
			sourceTree = "<group>";
		};
		7E75A81B2718A1B900CC8BEB /* Helpers */ = {
			isa = PBXGroup;
			children = (
				7E75A8192718A0BB00CC8BEB /* FavoriteButton.swift */,
				7E1C519727071FA7009C65D3 /* CircleImage.swift */,
				7E1C519927072289009C65D3 /* MapView.swift */,
			);
			path = Helpers;
			sourceTree = "<group>";
		};
		7E75A81C2718A29900CC8BEB /* Landmarks */ = {
			isa = PBXGroup;
			children = (
				7E9B0151270E175D004EDDD2 /* LandmarkList.swift */,
				7E9B014F270DFD51004EDDD2 /* LandmarkRow.swift */,
				7E75A8172711C5F900CC8BEB /* LandmarkDetail.swift */,
			);
			path = Landmarks;
			sourceTree = "<group>";
		};
		7EC0E2A52733CBD9003EE2E3 /* Profiles */ = {
			isa = PBXGroup;
			children = (
				7EC0E2A62733CC05003EE2E3 /* ProfileHost.swift */,
				7E6BFFD7278AD29700FD584F /* ProfileEditor.swift */,
				7EC0E2A82733D186003EE2E3 /* ProfileSummary.swift */,
			);
			path = Profiles;
			sourceTree = "<group>";
		};
/* End PBXGroup section */

/* Begin PBXNativeTarget section */
		7E044C5C26FF881D00B2B058 /* Landmarks */ = {
			isa = PBXNativeTarget;
			buildConfigurationList = 7E044C6C26FF881F00B2B058 /* Build configuration list for PBXNativeTarget "Landmarks" */;
			buildPhases = (
				7E044C5926FF881D00B2B058 /* Sources */,
				7E044C5A26FF881D00B2B058 /* Frameworks */,
				7E044C5B26FF881D00B2B058 /* Resources */,
			);
			buildRules = (
			);
			dependencies = (
			);
			name = Landmarks;
			productName = Landmarks;
			productReference = 7E044C5D26FF881D00B2B058 /* Landmarks.app */;
			productType = "com.apple.product-type.application";
		};
/* End PBXNativeTarget section */

/* Begin PBXProject section */
		7E044C5526FF881D00B2B058 /* Project object */ = {
			isa = PBXProject;
			attributes = {
				LastSwiftUpdateCheck = 1250;
				LastUpgradeCheck = 1250;
				TargetAttributes = {
					7E044C5C26FF881D00B2B058 = {
						CreatedOnToolsVersion = 12.5.1;
					};
				};
			};
			buildConfigurationList = 7E044C5826FF881D00B2B058 /* Build configuration list for PBXProject "Landmarks" */;
			compatibilityVersion = "Xcode 9.3";
			developmentRegion = en;
			hasScannedForEncodings = 0;
			knownRegions = (
				en,
				Base,
			);
			mainGroup = 7E044C5426FF881D00B2B058;
			productRefGroup = 7E044C5E26FF881D00B2B058 /* Products */;
			projectDirPath = "";
			projectRoot = "";
			targets = (
				7E044C5C26FF881D00B2B058 /* Landmarks */,
			);
		};
/* End PBXProject section */

/* Begin PBXResourcesBuildPhase section */
		7E044C5B26FF881D00B2B058 /* Resources */ = {
			isa = PBXResourcesBuildPhase;
			buildActionMask = 2147483647;
			files = (
				7E2C49012721D9D100331B14 /* AppIcon.appiconset in Resources */,
				7E6E259D272303B00045914B /* landmarkData.json in Resources */,
				7E044C6826FF881F00B2B058 /* Preview Assets.xcassets in Resources */,
				7E044C6526FF881F00B2B058 /* Assets.xcassets in Resources */,
				7E6E259F272303F80045914B /* hikeData.json in Resources */,
			);
			runOnlyForDeploymentPostprocessing = 0;
		};
/* End PBXResourcesBuildPhase section */

/* Begin PBXSourcesBuildPhase section */
		7E044C5926FF881D00B2B058 /* Sources */ = {
			isa = PBXSourcesBuildPhase;
			buildActionMask = 2147483647;
			files = (
				7E6E25AF2725D4900045914B /* CategoryRow.swift in Sources */,
				7EC0E2A4272C3033003EE2E3 /* Profile.swift in Sources */,
				7E044C6326FF881D00B2B058 /* ContentView.swift in Sources */,
				7E6E25AD2725D1D70045914B /* CategoryHome.swift in Sources */,
				7E6E25A8272330740045914B /* HikeGraph.swift in Sources */,
				7E6E259A2722F4630045914B /* Badge.swift in Sources */,
				7E1C519A27072289009C65D3 /* MapView.swift in Sources */,
				7E6E25A7272330740045914B /* GraphCapsule.swift in Sources */,
				7E044C6126FF881D00B2B058 /* LandmarksApp.swift in Sources */,
				7E75A81A2718A0BB00CC8BEB /* FavoriteButton.swift in Sources */,
				7E6BFFE02790B79F00FD584F /* PageControl.swift in Sources */,
				7E6E25B12725D6880045914B /* CategoryItem.swift in Sources */,
				7E6E25A9272330740045914B /* HikeDetail.swift in Sources */,
				7E6BFFDC278DCE7300FD584F /* Feature.swift in Sources */,
				7EC0E2A92733D186003EE2E3 /* ProfileSummary.swift in Sources */,
				7E2C48FD272176D000331B14 /* HexagonParameters.swift in Sources */,
				7EC0E2A72733CC05003EE2E3 /* ProfileHost.swift in Sources */,
				7E6E25A12723042E0045914B /* Hike.swift in Sources */,
				7E6E25982722F33E0045914B /* RotatedBadgeSymbol.swift in Sources */,
				7E6BFFDE2790867800FD584F /* PageView.swift in Sources */,
				7E6E25962722F1540045914B /* BadgeSymbol.swift in Sources */,
				7E6BFFD8278AD29700FD584F /* ProfileEditor.swift in Sources */,
				7E9B0152270E175D004EDDD2 /* LandmarkList.swift in Sources */,
				7E6E25AA272330740045914B /* HikeView.swift in Sources */,
				7E75A8182711C5F900CC8BEB /* LandmarkDetail.swift in Sources */,
				7E6BFFDA278DCB3C00FD584F /* PageViewController.swift in Sources */,
				7E2C48FF2721A0E300331B14 /* BadgeBackground.swift in Sources */,
				7EC0E2AB2733D3D4003EE2E3 /* HikeBadge.swift in Sources */,
				7E1C51A0270A2796009C65D3 /* ModelData.swift in Sources */,
				7E1C519827071FA7009C65D3 /* CircleImage.swift in Sources */,
				7E9B0150270DFD51004EDDD2 /* LandmarkRow.swift in Sources */,
				7E1C519E270A2475009C65D3 /* Landmark.swift in Sources */,
			);
			runOnlyForDeploymentPostprocessing = 0;
		};
/* End PBXSourcesBuildPhase section */

/* Begin XCBuildConfiguration section */
		7E044C6A26FF881F00B2B058 /* Debug */ = {
			isa = XCBuildConfiguration;
			buildSettings = {
				ALWAYS_SEARCH_USER_PATHS = NO;
				CLANG_ANALYZER_NONNULL = YES;
				CLANG_ANALYZER_NUMBER_OBJECT_CONVERSION = YES_AGGRESSIVE;
				CLANG_CXX_LANGUAGE_STANDARD = "gnu++14";
				CLANG_CXX_LIBRARY = "libc++";
				CLANG_ENABLE_MODULES = YES;
				CLANG_ENABLE_OBJC_ARC = YES;
				CLANG_ENABLE_OBJC_WEAK = YES;
				CLANG_WARN_BLOCK_CAPTURE_AUTORELEASING = YES;
				CLANG_WARN_BOOL_CONVERSION = YES;
				CLANG_WARN_COMMA = YES;
				CLANG_WARN_CONSTANT_CONVERSION = YES;
				CLANG_WARN_DEPRECATED_OBJC_IMPLEMENTATIONS = YES;
				CLANG_WARN_DIRECT_OBJC_ISA_USAGE = YES_ERROR;
				CLANG_WARN_DOCUMENTATION_COMMENTS = YES;
				CLANG_WARN_EMPTY_BODY = YES;
				CLANG_WARN_ENUM_CONVERSION = YES;
				CLANG_WARN_INFINITE_RECURSION = YES;
				CLANG_WARN_INT_CONVERSION = YES;
				CLANG_WARN_NON_LITERAL_NULL_CONVERSION = YES;
				CLANG_WARN_OBJC_IMPLICIT_RETAIN_SELF = YES;
				CLANG_WARN_OBJC_LITERAL_CONVERSION = YES;
				CLANG_WARN_OBJC_ROOT_CLASS = YES_ERROR;
				CLANG_WARN_QUOTED_INCLUDE_IN_FRAMEWORK_HEADER = YES;
				CLANG_WARN_RANGE_LOOP_ANALYSIS = YES;
				CLANG_WARN_STRICT_PROTOTYPES = YES;
				CLANG_WARN_SUSPICIOUS_MOVE = YES;
				CLANG_WARN_UNGUARDED_AVAILABILITY = YES_AGGRESSIVE;
				CLANG_WARN_UNREACHABLE_CODE = YES;
				CLANG_WARN__DUPLICATE_METHOD_MATCH = YES;
				COPY_PHASE_STRIP = NO;
				DEBUG_INFORMATION_FORMAT = dwarf;
				ENABLE_STRICT_OBJC_MSGSEND = YES;
				ENABLE_TESTABILITY = YES;
				GCC_C_LANGUAGE_STANDARD = gnu11;
				GCC_DYNAMIC_NO_PIC = NO;
				GCC_NO_COMMON_BLOCKS = YES;
				GCC_OPTIMIZATION_LEVEL = 0;
				GCC_PREPROCESSOR_DEFINITIONS = (
					"DEBUG=1",
					"$(inherited)",
				);
				GCC_WARN_64_TO_32_BIT_CONVERSION = YES;
				GCC_WARN_ABOUT_RETURN_TYPE = YES_ERROR;
				GCC_WARN_UNDECLARED_SELECTOR = YES;
				GCC_WARN_UNINITIALIZED_AUTOS = YES_AGGRESSIVE;
				GCC_WARN_UNUSED_FUNCTION = YES;
				GCC_WARN_UNUSED_VARIABLE = YES;
				IPHONEOS_DEPLOYMENT_TARGET = 14.5;
				MTL_ENABLE_DEBUG_INFO = INCLUDE_SOURCE;
				MTL_FAST_MATH = YES;
				ONLY_ACTIVE_ARCH = YES;
				SDKROOT = iphoneos;
				SWIFT_ACTIVE_COMPILATION_CONDITIONS = DEBUG;
				SWIFT_OPTIMIZATION_LEVEL = "-Onone";
			};
			name = Debug;
		};
		7E044C6B26FF881F00B2B058 /* Release */ = {
			isa = XCBuildConfiguration;
			buildSettings = {
				ALWAYS_SEARCH_USER_PATHS = NO;
				CLANG_ANALYZER_NONNULL = YES;
				CLANG_ANALYZER_NUMBER_OBJECT_CONVERSION = YES_AGGRESSIVE;
				CLANG_CXX_LANGUAGE_STANDARD = "gnu++14";
				CLANG_CXX_LIBRARY = "libc++";
				CLANG_ENABLE_MODULES = YES;
				CLANG_ENABLE_OBJC_ARC = YES;
				CLANG_ENABLE_OBJC_WEAK = YES;
				CLANG_WARN_BLOCK_CAPTURE_AUTORELEASING = YES;
				CLANG_WARN_BOOL_CONVERSION = YES;
				CLANG_WARN_COMMA = YES;
				CLANG_WARN_CONSTANT_CONVERSION = YES;
				CLANG_WARN_DEPRECATED_OBJC_IMPLEMENTATIONS = YES;
				CLANG_WARN_DIRECT_OBJC_ISA_USAGE = YES_ERROR;
				CLANG_WARN_DOCUMENTATION_COMMENTS = YES;
				CLANG_WARN_EMPTY_BODY = YES;
				CLANG_WARN_ENUM_CONVERSION = YES;
				CLANG_WARN_INFINITE_RECURSION = YES;
				CLANG_WARN_INT_CONVERSION = YES;
				CLANG_WARN_NON_LITERAL_NULL_CONVERSION = YES;
				CLANG_WARN_OBJC_IMPLICIT_RETAIN_SELF = YES;
				CLANG_WARN_OBJC_LITERAL_CONVERSION = YES;
				CLANG_WARN_OBJC_ROOT_CLASS = YES_ERROR;
				CLANG_WARN_QUOTED_INCLUDE_IN_FRAMEWORK_HEADER = YES;
				CLANG_WARN_RANGE_LOOP_ANALYSIS = YES;
				CLANG_WARN_STRICT_PROTOTYPES = YES;
				CLANG_WARN_SUSPICIOUS_MOVE = YES;
				CLANG_WARN_UNGUARDED_AVAILABILITY = YES_AGGRESSIVE;
				CLANG_WARN_UNREACHABLE_CODE = YES;
				CLANG_WARN__DUPLICATE_METHOD_MATCH = YES;
				COPY_PHASE_STRIP = NO;
				DEBUG_INFORMATION_FORMAT = "dwarf-with-dsym";
				ENABLE_NS_ASSERTIONS = NO;
				ENABLE_STRICT_OBJC_MSGSEND = YES;
				GCC_C_LANGUAGE_STANDARD = gnu11;
				GCC_NO_COMMON_BLOCKS = YES;
				GCC_WARN_64_TO_32_BIT_CONVERSION = YES;
				GCC_WARN_ABOUT_RETURN_TYPE = YES_ERROR;
				GCC_WARN_UNDECLARED_SELECTOR = YES;
				GCC_WARN_UNINITIALIZED_AUTOS = YES_AGGRESSIVE;
				GCC_WARN_UNUSED_FUNCTION = YES;
				GCC_WARN_UNUSED_VARIABLE = YES;
				IPHONEOS_DEPLOYMENT_TARGET = 14.5;
				MTL_ENABLE_DEBUG_INFO = NO;
				MTL_FAST_MATH = YES;
				SDKROOT = iphoneos;
				SWIFT_COMPILATION_MODE = wholemodule;
				SWIFT_OPTIMIZATION_LEVEL = "-O";
				VALIDATE_PRODUCT = YES;
			};
			name = Release;
		};
		7E044C6D26FF881F00B2B058 /* Debug */ = {
			isa = XCBuildConfiguration;
			buildSettings = {
				ASSETCATALOG_COMPILER_APPICON_NAME = AppIcon;
				ASSETCATALOG_COMPILER_GLOBAL_ACCENT_COLOR_NAME = AccentColor;
				CODE_SIGN_STYLE = Automatic;
				DEVELOPMENT_ASSET_PATHS = "\"Landmarks/Preview Content\"";
				DEVELOPMENT_TEAM = TJ7MF9RRKW;
				ENABLE_PREVIEWS = YES;
				INFOPLIST_FILE = Landmarks/Info.plist;
				IPHONEOS_DEPLOYMENT_TARGET = 15.0;
				LD_RUNPATH_SEARCH_PATHS = (
					"$(inherited)",
					"@executable_path/Frameworks",
				);
				PRODUCT_BUNDLE_IDENTIFIER = ru.MyCode.Landmarks;
				PRODUCT_NAME = "$(TARGET_NAME)";
				SWIFT_VERSION = 5.0;
				TARGETED_DEVICE_FAMILY = "1,2";
			};
			name = Debug;
		};
		7E044C6E26FF881F00B2B058 /* Release */ = {
			isa = XCBuildConfiguration;
			buildSettings = {
				ASSETCATALOG_COMPILER_APPICON_NAME = AppIcon;
				ASSETCATALOG_COMPILER_GLOBAL_ACCENT_COLOR_NAME = AccentColor;
				CODE_SIGN_STYLE = Automatic;
				DEVELOPMENT_ASSET_PATHS = "\"Landmarks/Preview Content\"";
				DEVELOPMENT_TEAM = TJ7MF9RRKW;
				ENABLE_PREVIEWS = YES;
				INFOPLIST_FILE = Landmarks/Info.plist;
				IPHONEOS_DEPLOYMENT_TARGET = 15.0;
				LD_RUNPATH_SEARCH_PATHS = (
					"$(inherited)",
					"@executable_path/Frameworks",
				);
				PRODUCT_BUNDLE_IDENTIFIER = ru.MyCode.Landmarks;
				PRODUCT_NAME = "$(TARGET_NAME)";
				SWIFT_VERSION = 5.0;
				TARGETED_DEVICE_FAMILY = "1,2";
			};
			name = Release;
		};
/* End XCBuildConfiguration section */

/* Begin XCConfigurationList section */
		7E044C5826FF881D00B2B058 /* Build configuration list for PBXProject "Landmarks" */ = {
			isa = XCConfigurationList;
			buildConfigurations = (
				7E044C6A26FF881F00B2B058 /* Debug */,
				7E044C6B26FF881F00B2B058 /* Release */,
			);
			defaultConfigurationIsVisible = 0;
			defaultConfigurationName = Release;
		};
		7E044C6C26FF881F00B2B058 /* Build configuration list for PBXNativeTarget "Landmarks" */ = {
			isa = XCConfigurationList;
			buildConfigurations = (
				7E044C6D26FF881F00B2B058 /* Debug */,
				7E044C6E26FF881F00B2B058 /* Release */,
			);
			defaultConfigurationIsVisible = 0;
			defaultConfigurationName = Release;
		};
/* End XCConfigurationList section */
	};
	rootObject = 7E044C5526FF881D00B2B058 /* Project object */;
}
